{
    "_meta": {
        "hash": {
            "sha256": "8fe857e6e1ea809f29ec27440bc2a7536776c6415183cf92bf49ff40bdb7c0d5"
        },
        "pipfile-spec": 6,
        "requires": {
            "python_version": "3.11"
        },
        "sources": [
            {
                "name": "pypi",
                "url": "https://pypi.org/simple",
                "verify_ssl": true
            }
        ]
    },
    "default": {
        "python-cowsay": {
            "hashes": [
                "sha256:02936c4e543e185a4408eba212a526309ed8abe6413e87d4d316a6d0f2dc8ff1",
                "sha256:0deae0b0d2ce084057a254b1491a9e8b66697832bc3fbe1d63dd3a2b2b76a2fa"
            ],
            "index": "pypi",
            "version": "==1.1.0"
        }
    },
    "develop": {}
}
